
Microsoft Visual Studio Solution File, Format Version 12.00
# Visual Studio Version 17
VisualStudioVersion = 17.8.34511.84
MinimumVisualStudioVersion = 10.0.40219.1
Project("{FAE04EC0-301F-11D3-BF4B-00C04F79EFBC}") = "MiniExcelTest", "MiniExcel\MiniExcelTest.csproj", "{512F89DC-3619-4305-B2FD-CEE88468060A}"
EndProject
Project("{9A19103F-16F7-4668-BE54-9A1E7A4F7556}") = "Test", "Test\Test.csproj", "{9FDAB4D0-7CEB-4F4D-9878-53A8A30D6385}"
EndProject
Project("{2150E333-8FDC-42A3-9474-1A3956D46DE8}") = "多线程实战", "多线程实战", "{B9B286B5-3823-4909-8C02-2B09F8B2F848}"
EndProject
Project("{2150E333-8FDC-42A3-9474-1A3956D46DE8}") = "01.线程基础", "01.线程基础", "{CB30B6B8-B56B-4EA4-BDE6-FC05E42FDFE9}"
EndProject
Project("{FAE04EC0-301F-11D3-BF4B-00C04F79EFBC}") = "1.1线程基础使用", "1.1线程基础使用\1.1线程基础使用.csproj", "{D2E71217-4455-4820-ACC8-AAF28B302D06}"
EndProject
Project("{FAE04EC0-301F-11D3-BF4B-00C04F79EFBC}") = "Infrastructure", "Infrastructure\Infrastructure.csproj", "{48C9142D-5105-4077-8136-CDCE4771DF3C}"
EndProject
Project("{2150E333-8FDC-42A3-9474-1A3956D46DE8}") = "02.线程同步", "02.线程同步", "{7A690D2E-BECA-422C-9608-860F7172861E}"
EndProject
Project("{FAE04EC0-301F-11D3-BF4B-00C04F79EFBC}") = "2.1原子操作", "2.1原子操作\2.1原子操作.csproj", "{0331FBD5-B8F7-4AD5-ADF5-1B397B35D2A2}"
EndProject
Project("{FAE04EC0-301F-11D3-BF4B-00C04F79EFBC}") = "2.2使用Mutex类", "2.2使用Mutex类\2.2使用Mutex类.csproj", "{79A48F7F-F189-4FA8-B60D-D5CA63E795B5}"
EndProject
Project("{FAE04EC0-301F-11D3-BF4B-00C04F79EFBC}") = "2.3信号量SemaphoreSlim", "2.3信号量SemaphoreSlim\2.3信号量SemaphoreSlim.csproj", "{2B02112D-7394-4AA2-A565-3672E515526E}"
EndProject
Project("{FAE04EC0-301F-11D3-BF4B-00C04F79EFBC}") = "2.4线程同步事件AutoResetEvent", "2.4线程同步事件AutoResetEvent\2.4线程同步事件AutoResetEvent.csproj", "{BF75FC5A-D7D1-49D8-8771-EDDC9CB931B2}"
EndProject
Project("{2150E333-8FDC-42A3-9474-1A3956D46DE8}") = "设计模式", "设计模式", "{99936501-6F99-4622-83AD-3B05A9CAD9FD}"
EndProject
Project("{9A19103F-16F7-4668-BE54-9A1E7A4F7556}") = "BuilderPattern", "BuilderPattern\BuilderPattern.csproj", "{B6D07B32-542B-40E6-8820-E47B163F3273}"
EndProject
Project("{9A19103F-16F7-4668-BE54-9A1E7A4F7556}") = "PrototypePattern", "PrototypePattern\PrototypePattern.csproj", "{D6EE383C-4874-4541-8821-F0CE3A1FB6DF}"
EndProject
Project("{9A19103F-16F7-4668-BE54-9A1E7A4F7556}") = "AdapterPattern", "AdapterPattern\AdapterPattern.csproj", "{4DC14451-B27A-4B62-AE8A-12FEEC8524BA}"
EndProject
Project("{9A19103F-16F7-4668-BE54-9A1E7A4F7556}") = "BridgePattern", "BridgePattern\BridgePattern.csproj", "{CB6A87E2-CB43-4134-A81D-C012D76E60A0}"
EndProject
Project("{9A19103F-16F7-4668-BE54-9A1E7A4F7556}") = "CompositePattern", "CompositePattern\CompositePattern.csproj", "{3A27E6FC-DE24-4827-BFF9-08AFBE1BBD0A}"
EndProject
Project("{9A19103F-16F7-4668-BE54-9A1E7A4F7556}") = "FlyweightPattern", "FlyweightPattern\FlyweightPattern.csproj", "{4A147BFB-51AA-441E-9926-B63D00A5DE7B}"
EndProject
Project("{9A19103F-16F7-4668-BE54-9A1E7A4F7556}") = "TemplatePattern", "TemplatePattern\TemplatePattern.csproj", "{D2424EF4-C26E-4F16-8B27-1D38F2FC33F6}"
EndProject
Project("{9A19103F-16F7-4668-BE54-9A1E7A4F7556}") = "CommandPattern", "CommandPattern\CommandPattern.csproj", "{699F5E0C-0727-4E0F-88E3-35FC4B345945}"
EndProject
Project("{9A19103F-16F7-4668-BE54-9A1E7A4F7556}") = "IteratorPattern", "IteratorPattern\IteratorPattern.csproj", "{EDA04C4C-AC10-4A5B-96F5-0A5A4513E0F7}"
EndProject
Project("{9A19103F-16F7-4668-BE54-9A1E7A4F7556}") = "ObserverPattern", "ObserverPattern\ObserverPattern.csproj", "{982E8A31-263E-42B5-B965-AA8DCA652E9E}"
EndProject
Project("{9A19103F-16F7-4668-BE54-9A1E7A4F7556}") = "StrategyPattern", "StrategyPattern\StrategyPattern.csproj", "{BBF379E5-1830-448B-85C5-DD4A74C8C23E}"
EndProject
Project("{9A19103F-16F7-4668-BE54-9A1E7A4F7556}") = "ChainOfResponsibilityPattern", "ChainOfResponsibilityPattern\ChainOfResponsibilityPattern.csproj", "{872337E7-16F1-48D2-8FBC-3BDC88798F2E}"
EndProject
Project("{9A19103F-16F7-4668-BE54-9A1E7A4F7556}") = "MementoPattern", "MementoPattern\MementoPattern.csproj", "{64BB81BB-059B-4698-B958-1012598DF248}"
EndProject
Project("{9A19103F-16F7-4668-BE54-9A1E7A4F7556}") = "MediatorPattern", "MediatorPattern\MediatorPattern.csproj", "{DB3F5B7A-CCC0-4227-930B-E2A1FB04A3E7}"
EndProject
Project("{9A19103F-16F7-4668-BE54-9A1E7A4F7556}") = "VisitorPattern", "VisitorPattern\VisitorPattern.csproj", "{7ABB362B-DD5A-4E5F-8275-1C84B6ACE582}"
EndProject
Project("{9A19103F-16F7-4668-BE54-9A1E7A4F7556}") = "StatePattern", "StatePattern\StatePattern.csproj", "{B240D0BB-899B-4BB7-95EB-7AF99F703B01}"
EndProject
Project("{2150E333-8FDC-42A3-9474-1A3956D46DE8}") = "LeetCode", "LeetCode", "{482980CB-5F98-42A6-BF97-06BA4B66A5C0}"
EndProject
Project("{FAE04EC0-301F-11D3-BF4B-00C04F79EFBC}") = "Classic150", "Classic150\Classic150.csproj", "{C550B9C2-C29F-47E1-AE0B-6C606666C2A0}"
EndProject
Project("{FAE04EC0-301F-11D3-BF4B-00C04F79EFBC}") = "BinarySearch", "BinarySearch\BinarySearch.csproj", "{9C5E489A-6284-4474-98E3-4D6D10C16062}"
EndProject
Global
	GlobalSection(SolutionConfigurationPlatforms) = preSolution
		Debug|Any CPU = Debug|Any CPU
		Release|Any CPU = Release|Any CPU
	EndGlobalSection
	GlobalSection(ProjectConfigurationPlatforms) = postSolution
		{512F89DC-3619-4305-B2FD-CEE88468060A}.Debug|Any CPU.ActiveCfg = Debug|Any CPU
		{512F89DC-3619-4305-B2FD-CEE88468060A}.Debug|Any CPU.Build.0 = Debug|Any CPU
		{512F89DC-3619-4305-B2FD-CEE88468060A}.Release|Any CPU.ActiveCfg = Release|Any CPU
		{512F89DC-3619-4305-B2FD-CEE88468060A}.Release|Any CPU.Build.0 = Release|Any CPU
		{9FDAB4D0-7CEB-4F4D-9878-53A8A30D6385}.Debug|Any CPU.ActiveCfg = Debug|Any CPU
		{9FDAB4D0-7CEB-4F4D-9878-53A8A30D6385}.Debug|Any CPU.Build.0 = Debug|Any CPU
		{9FDAB4D0-7CEB-4F4D-9878-53A8A30D6385}.Release|Any CPU.ActiveCfg = Release|Any CPU
		{9FDAB4D0-7CEB-4F4D-9878-53A8A30D6385}.Release|Any CPU.Build.0 = Release|Any CPU
		{D2E71217-4455-4820-ACC8-AAF28B302D06}.Debug|Any CPU.ActiveCfg = Debug|Any CPU
		{D2E71217-4455-4820-ACC8-AAF28B302D06}.Debug|Any CPU.Build.0 = Debug|Any CPU
		{D2E71217-4455-4820-ACC8-AAF28B302D06}.Release|Any CPU.ActiveCfg = Release|Any CPU
		{D2E71217-4455-4820-ACC8-AAF28B302D06}.Release|Any CPU.Build.0 = Release|Any CPU
		{48C9142D-5105-4077-8136-CDCE4771DF3C}.Debug|Any CPU.ActiveCfg = Debug|Any CPU
		{48C9142D-5105-4077-8136-CDCE4771DF3C}.Debug|Any CPU.Build.0 = Debug|Any CPU
		{48C9142D-5105-4077-8136-CDCE4771DF3C}.Release|Any CPU.ActiveCfg = Release|Any CPU
		{48C9142D-5105-4077-8136-CDCE4771DF3C}.Release|Any CPU.Build.0 = Release|Any CPU
		{0331FBD5-B8F7-4AD5-ADF5-1B397B35D2A2}.Debug|Any CPU.ActiveCfg = Debug|Any CPU
		{0331FBD5-B8F7-4AD5-ADF5-1B397B35D2A2}.Debug|Any CPU.Build.0 = Debug|Any CPU
		{0331FBD5-B8F7-4AD5-ADF5-1B397B35D2A2}.Release|Any CPU.ActiveCfg = Release|Any CPU
		{0331FBD5-B8F7-4AD5-ADF5-1B397B35D2A2}.Release|Any CPU.Build.0 = Release|Any CPU
		{79A48F7F-F189-4FA8-B60D-D5CA63E795B5}.Debug|Any CPU.ActiveCfg = Debug|Any CPU
		{79A48F7F-F189-4FA8-B60D-D5CA63E795B5}.Debug|Any CPU.Build.0 = Debug|Any CPU
		{79A48F7F-F189-4FA8-B60D-D5CA63E795B5}.Release|Any CPU.ActiveCfg = Release|Any CPU
		{79A48F7F-F189-4FA8-B60D-D5CA63E795B5}.Release|Any CPU.Build.0 = Release|Any CPU
		{2B02112D-7394-4AA2-A565-3672E515526E}.Debug|Any CPU.ActiveCfg = Debug|Any CPU
		{2B02112D-7394-4AA2-A565-3672E515526E}.Debug|Any CPU.Build.0 = Debug|Any CPU
		{2B02112D-7394-4AA2-A565-3672E515526E}.Release|Any CPU.ActiveCfg = Release|Any CPU
		{2B02112D-7394-4AA2-A565-3672E515526E}.Release|Any CPU.Build.0 = Release|Any CPU
		{BF75FC5A-D7D1-49D8-8771-EDDC9CB931B2}.Debug|Any CPU.ActiveCfg = Debug|Any CPU
		{BF75FC5A-D7D1-49D8-8771-EDDC9CB931B2}.Debug|Any CPU.Build.0 = Debug|Any CPU
		{BF75FC5A-D7D1-49D8-8771-EDDC9CB931B2}.Release|Any CPU.ActiveCfg = Release|Any CPU
		{BF75FC5A-D7D1-49D8-8771-EDDC9CB931B2}.Release|Any CPU.Build.0 = Release|Any CPU
		{B6D07B32-542B-40E6-8820-E47B163F3273}.Debug|Any CPU.ActiveCfg = Debug|Any CPU
		{B6D07B32-542B-40E6-8820-E47B163F3273}.Debug|Any CPU.Build.0 = Debug|Any CPU
		{B6D07B32-542B-40E6-8820-E47B163F3273}.Release|Any CPU.ActiveCfg = Release|Any CPU
		{B6D07B32-542B-40E6-8820-E47B163F3273}.Release|Any CPU.Build.0 = Release|Any CPU
		{D6EE383C-4874-4541-8821-F0CE3A1FB6DF}.Debug|Any CPU.ActiveCfg = Debug|Any CPU
		{D6EE383C-4874-4541-8821-F0CE3A1FB6DF}.Debug|Any CPU.Build.0 = Debug|Any CPU
		{D6EE383C-4874-4541-8821-F0CE3A1FB6DF}.Release|Any CPU.ActiveCfg = Release|Any CPU
		{D6EE383C-4874-4541-8821-F0CE3A1FB6DF}.Release|Any CPU.Build.0 = Release|Any CPU
		{4DC14451-B27A-4B62-AE8A-12FEEC8524BA}.Debug|Any CPU.ActiveCfg = Debug|Any CPU
		{4DC14451-B27A-4B62-AE8A-12FEEC8524BA}.Debug|Any CPU.Build.0 = Debug|Any CPU
		{4DC14451-B27A-4B62-AE8A-12FEEC8524BA}.Release|Any CPU.ActiveCfg = Release|Any CPU
		{4DC14451-B27A-4B62-AE8A-12FEEC8524BA}.Release|Any CPU.Build.0 = Release|Any CPU
		{CB6A87E2-CB43-4134-A81D-C012D76E60A0}.Debug|Any CPU.ActiveCfg = Debug|Any CPU
		{CB6A87E2-CB43-4134-A81D-C012D76E60A0}.Debug|Any CPU.Build.0 = Debug|Any CPU
		{CB6A87E2-CB43-4134-A81D-C012D76E60A0}.Release|Any CPU.ActiveCfg = Release|Any CPU
		{CB6A87E2-CB43-4134-A81D-C012D76E60A0}.Release|Any CPU.Build.0 = Release|Any CPU
		{3A27E6FC-DE24-4827-BFF9-08AFBE1BBD0A}.Debug|Any CPU.ActiveCfg = Debug|Any CPU
		{3A27E6FC-DE24-4827-BFF9-08AFBE1BBD0A}.Debug|Any CPU.Build.0 = Debug|Any CPU
		{3A27E6FC-DE24-4827-BFF9-08AFBE1BBD0A}.Release|Any CPU.ActiveCfg = Release|Any CPU
		{3A27E6FC-DE24-4827-BFF9-08AFBE1BBD0A}.Release|Any CPU.Build.0 = Release|Any CPU
		{4A147BFB-51AA-441E-9926-B63D00A5DE7B}.Debug|Any CPU.ActiveCfg = Debug|Any CPU
		{4A147BFB-51AA-441E-9926-B63D00A5DE7B}.Debug|Any CPU.Build.0 = Debug|Any CPU
		{4A147BFB-51AA-441E-9926-B63D00A5DE7B}.Release|Any CPU.ActiveCfg = Release|Any CPU
		{4A147BFB-51AA-441E-9926-B63D00A5DE7B}.Release|Any CPU.Build.0 = Release|Any CPU
		{D2424EF4-C26E-4F16-8B27-1D38F2FC33F6}.Debug|Any CPU.ActiveCfg = Debug|Any CPU
		{D2424EF4-C26E-4F16-8B27-1D38F2FC33F6}.Debug|Any CPU.Build.0 = Debug|Any CPU
		{D2424EF4-C26E-4F16-8B27-1D38F2FC33F6}.Release|Any CPU.ActiveCfg = Release|Any CPU
		{D2424EF4-C26E-4F16-8B27-1D38F2FC33F6}.Release|Any CPU.Build.0 = Release|Any CPU
		{699F5E0C-0727-4E0F-88E3-35FC4B345945}.Debug|Any CPU.ActiveCfg = Debug|Any CPU
		{699F5E0C-0727-4E0F-88E3-35FC4B345945}.Debug|Any CPU.Build.0 = Debug|Any CPU
		{699F5E0C-0727-4E0F-88E3-35FC4B345945}.Release|Any CPU.ActiveCfg = Release|Any CPU
		{699F5E0C-0727-4E0F-88E3-35FC4B345945}.Release|Any CPU.Build.0 = Release|Any CPU
		{EDA04C4C-AC10-4A5B-96F5-0A5A4513E0F7}.Debug|Any CPU.ActiveCfg = Debug|Any CPU
		{EDA04C4C-AC10-4A5B-96F5-0A5A4513E0F7}.Debug|Any CPU.Build.0 = Debug|Any CPU
		{EDA04C4C-AC10-4A5B-96F5-0A5A4513E0F7}.Release|Any CPU.ActiveCfg = Release|Any CPU
		{EDA04C4C-AC10-4A5B-96F5-0A5A4513E0F7}.Release|Any CPU.Build.0 = Release|Any CPU
		{982E8A31-263E-42B5-B965-AA8DCA652E9E}.Debug|Any CPU.ActiveCfg = Debug|Any CPU
		{982E8A31-263E-42B5-B965-AA8DCA652E9E}.Debug|Any CPU.Build.0 = Debug|Any CPU
		{982E8A31-263E-42B5-B965-AA8DCA652E9E}.Release|Any CPU.ActiveCfg = Release|Any CPU
		{982E8A31-263E-42B5-B965-AA8DCA652E9E}.Release|Any CPU.Build.0 = Release|Any CPU
		{BBF379E5-1830-448B-85C5-DD4A74C8C23E}.Debug|Any CPU.ActiveCfg = Debug|Any CPU
		{BBF379E5-1830-448B-85C5-DD4A74C8C23E}.Debug|Any CPU.Build.0 = Debug|Any CPU
		{BBF379E5-1830-448B-85C5-DD4A74C8C23E}.Release|Any CPU.ActiveCfg = Release|Any CPU
		{BBF379E5-1830-448B-85C5-DD4A74C8C23E}.Release|Any CPU.Build.0 = Release|Any CPU
		{872337E7-16F1-48D2-8FBC-3BDC88798F2E}.Debug|Any CPU.ActiveCfg = Debug|Any CPU
		{872337E7-16F1-48D2-8FBC-3BDC88798F2E}.Debug|Any CPU.Build.0 = Debug|Any CPU
		{872337E7-16F1-48D2-8FBC-3BDC88798F2E}.Release|Any CPU.ActiveCfg = Release|Any CPU
		{872337E7-16F1-48D2-8FBC-3BDC88798F2E}.Release|Any CPU.Build.0 = Release|Any CPU
		{64BB81BB-059B-4698-B958-1012598DF248}.Debug|Any CPU.ActiveCfg = Debug|Any CPU
		{64BB81BB-059B-4698-B958-1012598DF248}.Debug|Any CPU.Build.0 = Debug|Any CPU
		{64BB81BB-059B-4698-B958-1012598DF248}.Release|Any CPU.ActiveCfg = Release|Any CPU
		{64BB81BB-059B-4698-B958-1012598DF248}.Release|Any CPU.Build.0 = Release|Any CPU
		{DB3F5B7A-CCC0-4227-930B-E2A1FB04A3E7}.Debug|Any CPU.ActiveCfg = Debug|Any CPU
		{DB3F5B7A-CCC0-4227-930B-E2A1FB04A3E7}.Debug|Any CPU.Build.0 = Debug|Any CPU
		{DB3F5B7A-CCC0-4227-930B-E2A1FB04A3E7}.Release|Any CPU.ActiveCfg = Release|Any CPU
		{DB3F5B7A-CCC0-4227-930B-E2A1FB04A3E7}.Release|Any CPU.Build.0 = Release|Any CPU
		{7ABB362B-DD5A-4E5F-8275-1C84B6ACE582}.Debug|Any CPU.ActiveCfg = Debug|Any CPU
		{7ABB362B-DD5A-4E5F-8275-1C84B6ACE582}.Debug|Any CPU.Build.0 = Debug|Any CPU
		{7ABB362B-DD5A-4E5F-8275-1C84B6ACE582}.Release|Any CPU.ActiveCfg = Release|Any CPU
		{7ABB362B-DD5A-4E5F-8275-1C84B6ACE582}.Release|Any CPU.Build.0 = Release|Any CPU
		{B240D0BB-899B-4BB7-95EB-7AF99F703B01}.Debug|Any CPU.ActiveCfg = Debug|Any CPU
		{B240D0BB-899B-4BB7-95EB-7AF99F703B01}.Debug|Any CPU.Build.0 = Debug|Any CPU
		{B240D0BB-899B-4BB7-95EB-7AF99F703B01}.Release|Any CPU.ActiveCfg = Release|Any CPU
		{B240D0BB-899B-4BB7-95EB-7AF99F703B01}.Release|Any CPU.Build.0 = Release|Any CPU
		{C550B9C2-C29F-47E1-AE0B-6C606666C2A0}.Debug|Any CPU.ActiveCfg = Debug|Any CPU
		{C550B9C2-C29F-47E1-AE0B-6C606666C2A0}.Debug|Any CPU.Build.0 = Debug|Any CPU
		{C550B9C2-C29F-47E1-AE0B-6C606666C2A0}.Release|Any CPU.ActiveCfg = Release|Any CPU
		{C550B9C2-C29F-47E1-AE0B-6C606666C2A0}.Release|Any CPU.Build.0 = Release|Any CPU
		{9C5E489A-6284-4474-98E3-4D6D10C16062}.Debug|Any CPU.ActiveCfg = Debug|Any CPU
		{9C5E489A-6284-4474-98E3-4D6D10C16062}.Debug|Any CPU.Build.0 = Debug|Any CPU
		{9C5E489A-6284-4474-98E3-4D6D10C16062}.Release|Any CPU.ActiveCfg = Release|Any CPU
		{9C5E489A-6284-4474-98E3-4D6D10C16062}.Release|Any CPU.Build.0 = Release|Any CPU
	EndGlobalSection
	GlobalSection(SolutionProperties) = preSolution
		HideSolutionNode = FALSE
	EndGlobalSection
	GlobalSection(NestedProjects) = preSolution
		{CB30B6B8-B56B-4EA4-BDE6-FC05E42FDFE9} = {B9B286B5-3823-4909-8C02-2B09F8B2F848}
		{D2E71217-4455-4820-ACC8-AAF28B302D06} = {CB30B6B8-B56B-4EA4-BDE6-FC05E42FDFE9}
		{48C9142D-5105-4077-8136-CDCE4771DF3C} = {B9B286B5-3823-4909-8C02-2B09F8B2F848}
		{7A690D2E-BECA-422C-9608-860F7172861E} = {B9B286B5-3823-4909-8C02-2B09F8B2F848}
		{0331FBD5-B8F7-4AD5-ADF5-1B397B35D2A2} = {7A690D2E-BECA-422C-9608-860F7172861E}
		{79A48F7F-F189-4FA8-B60D-D5CA63E795B5} = {7A690D2E-BECA-422C-9608-860F7172861E}
		{2B02112D-7394-4AA2-A565-3672E515526E} = {7A690D2E-BECA-422C-9608-860F7172861E}
		{BF75FC5A-D7D1-49D8-8771-EDDC9CB931B2} = {7A690D2E-BECA-422C-9608-860F7172861E}
		{B6D07B32-542B-40E6-8820-E47B163F3273} = {99936501-6F99-4622-83AD-3B05A9CAD9FD}
		{D6EE383C-4874-4541-8821-F0CE3A1FB6DF} = {99936501-6F99-4622-83AD-3B05A9CAD9FD}
		{4DC14451-B27A-4B62-AE8A-12FEEC8524BA} = {99936501-6F99-4622-83AD-3B05A9CAD9FD}
		{CB6A87E2-CB43-4134-A81D-C012D76E60A0} = {99936501-6F99-4622-83AD-3B05A9CAD9FD}
		{3A27E6FC-DE24-4827-BFF9-08AFBE1BBD0A} = {99936501-6F99-4622-83AD-3B05A9CAD9FD}
		{4A147BFB-51AA-441E-9926-B63D00A5DE7B} = {99936501-6F99-4622-83AD-3B05A9CAD9FD}
		{D2424EF4-C26E-4F16-8B27-1D38F2FC33F6} = {99936501-6F99-4622-83AD-3B05A9CAD9FD}
		{699F5E0C-0727-4E0F-88E3-35FC4B345945} = {99936501-6F99-4622-83AD-3B05A9CAD9FD}
		{EDA04C4C-AC10-4A5B-96F5-0A5A4513E0F7} = {99936501-6F99-4622-83AD-3B05A9CAD9FD}
		{982E8A31-263E-42B5-B965-AA8DCA652E9E} = {99936501-6F99-4622-83AD-3B05A9CAD9FD}
		{BBF379E5-1830-448B-85C5-DD4A74C8C23E} = {99936501-6F99-4622-83AD-3B05A9CAD9FD}
		{872337E7-16F1-48D2-8FBC-3BDC88798F2E} = {99936501-6F99-4622-83AD-3B05A9CAD9FD}
		{64BB81BB-059B-4698-B958-1012598DF248} = {99936501-6F99-4622-83AD-3B05A9CAD9FD}
		{DB3F5B7A-CCC0-4227-930B-E2A1FB04A3E7} = {99936501-6F99-4622-83AD-3B05A9CAD9FD}
		{7ABB362B-DD5A-4E5F-8275-1C84B6ACE582} = {99936501-6F99-4622-83AD-3B05A9CAD9FD}
		{B240D0BB-899B-4BB7-95EB-7AF99F703B01} = {99936501-6F99-4622-83AD-3B05A9CAD9FD}
		{C550B9C2-C29F-47E1-AE0B-6C606666C2A0} = {482980CB-5F98-42A6-BF97-06BA4B66A5C0}
		{9C5E489A-6284-4474-98E3-4D6D10C16062} = {482980CB-5F98-42A6-BF97-06BA4B66A5C0}
	EndGlobalSection
	GlobalSection(ExtensibilityGlobals) = postSolution
		SolutionGuid = {C4148EE1-53BC-40C3-808C-0D4FF1E0BE4C}
	EndGlobalSection
EndGlobal
